{
  "nodes": {
    "cpu-microcodes": {
      "flake": false,
      "locked": {
        "lastModified": 1781125738,
        "narHash": "sha256-6KfmnLufkUJUE7+ziD/ucgdsOpx8aYmiepRq6y/wcwE=",
        "owner": "platomav",
        "repo": "CPUMicrocodes",
        "rev": "49aa6bd56d1019c1e8b47321d2eb66913a2da876",
        "type": "github"
      },
      "original": {
        "owner": "platomav",
        "repo": "CPUMicrocodes",
        "type": "github"
      }
    },
    "root": {
      "inputs": {
        "cpu-microcodes": "cpu-microcodes"
      }
    }
  },
  "root": "root",
  "version": 7
}
