{
  "nodes": {
    "cpu-microcodes": {
      "flake": false,
      "locked": {
        "lastModified": 1780434123,
        "narHash": "sha256-dn7gwrF3VeXjqEKTGAYm+9hb4JoQJfk4TNmt0TuZXCA=",
        "owner": "platomav",
        "repo": "CPUMicrocodes",
        "rev": "1c3abf44eafcbe5418d3c6d697a446534e7b2141",
        "type": "github"
      },
      "original": {
        "owner": "platomav",
        "repo": "CPUMicrocodes",
        "type": "github"
      }
    },
    "root": {
      "inputs": {
        "cpu-microcodes": "cpu-microcodes"
      }
    }
  },
  "root": "root",
  "version": 7
}
