{
  "nodes": {
    "cpu-microcodes": {
      "flake": false,
      "locked": {
        "lastModified": 1788475946,
        "narHash": "sha256-J1Pizu2O+ElNvYbFERZd3sKwAR3yqXwz828EDrNrFoM=",
        "owner": "platomav",
        "repo": "CPUMicrocodes",
        "rev": "53e47114a0612cba145f9f4bbe882d1a74ab95b1",
        "type": "github"
      },
      "original": {
        "owner": "platomav",
        "repo": "CPUMicrocodes",
        "type": "github"
      }
    },
    "root": {
      "inputs": {
        "cpu-microcodes": "cpu-microcodes"
      }
    }
  },
  "root": "root",
  "version": 7
}
